{
  "source": "https://github.com/polarizetech/adaptive-preregistration.git",
  "ref": "main",
  "commit": "6841edcbc5220cfe902999719c74cbacbfe694af",
  "dirty": false,
  "modules": [
    "core",
    "convo-log",
    "prereg",
    "experiment-pr-log"
  ],
  "files": {
    ".agents/README.md": "a66c6fb2b6d3d5f1165dd547933bd062b00a7e6d573bc5c2dacb144c19bcac12",
    ".agents/bin/kit_ap": "d80b7998c98be5cfb1cc4f432bf7e6a8c50e4739e24d3d8be98beae42c8a8178",
    ".agents/config/convo-log.d/experiment-pr-log.json": "f1dd6ac386a5ca8aa3137438660aad5ada680197b725e4e4dd848afb78766988",
    ".agents/githooks/pre-commit": "cb0f31c9efc14173466f30585b307d1a5ee1d8de963d1119f66593891cf9f820",
    ".agents/protocols/ARCHIVING.md": "e379fb8c7741743b662806fc3d87eadfc76ef191aa127e8a8dcde9b6d0846d76",
    ".agents/protocols/CONVERSATIONS.md": "da5d8cf328c7ff191f34fbd40491e05da1224bb09557d63b4d0f435f72b6b649",
    ".agents/protocols/EXPERIMENT_PR_LOG.md": "d2ad381eb23263436717d9813d29cd07b4f7339d9492183e99f59f5aa05141c5",
    ".agents/protocols/PREREG_PROTOCOL.md": "ed998e7736fd54ca8e9252159682e769aae5afb3ca7bb9141c451ea7ecd52db8",
    ".agents/tools/convo-log": "db3cb7477a0b668011bb9f7a49093b0df7f2e0c08d3e9e51a531beed53ea9182",
    ".agents/tools/prereg-receipt": "1ba9a8771c7b99ae10518d85b597e75f480488ea55a372e466441fdb5205fbfa",
    ".agents/tools/prereg-status": "323c0daa87b54fe5d7f4f9d7b927f6d8d24337c0815319604d09901ab398fed8",
    ".agents/tools/tag": "775705cadd1ef81e25d3076968291485302d204620b9ecc72289d5da85b42cff",
    ".github/hooks/kit_ap-convo-log.json": "a8d419dcd713d4f9ac9f78a83b749e35c154bf69adf5d203e3ddb88672d7b9ad",
    ".github/hooks/kit_ap-core.json": "0e5a1a6763aa34c4ac2e48870b4a384fe594ccf1630bd6dc90fb2b6c642dbb8e"
  }
}
